
Microsoft Visual Studio Solution File, Format Version 12.00
# Visual Studio Version 16
VisualStudioVersion = 16.0.30517.126
MinimumVisualStudioVersion = 10.0.40219.1
Project("{9A19103F-16F7-4668-BE54-9A1E7A4F7556}") = "ChainTwo", "ChainTwo.csproj", "{D931AD45-2F4D-46DC-8D1D-A709ECC0EF01}"
EndProject
Global
	GlobalSection(SolutionConfigurationPlatforms) = preSolution
		Debug|Any CPU = Debug|Any CPU
		Release|Any CPU = Release|Any CPU
	EndGlobalSection
	GlobalSection(ProjectConfigurationPlatforms) = postSolution
		{D931AD45-2F4D-46DC-8D1D-A709ECC0EF01}.Debug|Any CPU.ActiveCfg = Debug|Any CPU
		{D931AD45-2F4D-46DC-8D1D-A709ECC0EF01}.Debug|Any CPU.Build.0 = Debug|Any CPU
		{D931AD45-2F4D-46DC-8D1D-A709ECC0EF01}.Release|Any CPU.ActiveCfg = Release|Any CPU
		{D931AD45-2F4D-46DC-8D1D-A709ECC0EF01}.Release|Any CPU.Build.0 = Release|Any CPU
	EndGlobalSection
	GlobalSection(SolutionProperties) = preSolution
		HideSolutionNode = FALSE
	EndGlobalSection
	GlobalSection(ExtensibilityGlobals) = postSolution
		SolutionGuid = {318B311A-143B-4C1C-B66A-71F84A2C7DCD}
	EndGlobalSection
EndGlobal
